{
  "name": "builder-homepage",
  "version": "1.0.0",
  "lockfileVersion": 3,
  "requires": true,
  "packages": {
    "": {
      "name": "builder-homepage",
      "version": "1.0.0",
      "license": "ISC",
      "dependencies": {
        "@popperjs/core": "~2.9.2",
        "bootstrap": "^5.3.3",
        "bootstrap-icons": "^1.11.3"
      }
    },
    "node_modules/@popperjs/core": {
      "version": "2.9.3",
      "resolved": "https://pkgs.dev.azure.com/1RivetUSInc/_packaging/1RivetUSInc/npm/registry/@popperjs/core/-/core-2.9.3.tgz",
      "integrity": "sha1-i2jaHr1/xgOZnPbr7jSkiZoUuI4=",
      "license": "MIT",
      "funding": {
        "type": "opencollective",
        "url": "https://opencollective.com/popperjs"
      }
    },
    "node_modules/bootstrap": {
      "version": "5.3.3",
      "resolved": "https://pkgs.dev.azure.com/1RivetUSInc/_packaging/1RivetUSInc/npm/registry/bootstrap/-/bootstrap-5.3.3.tgz",
      "integrity": "sha1-3jXhp2XIl6yUACGQD8u4MWArrDg=",
      "funding": [
        {
          "type": "github",
          "url": "https://github.com/sponsors/twbs"
        },
        {
          "type": "opencollective",
          "url": "https://opencollective.com/bootstrap"
        }
      ],
      "license": "MIT",
      "peerDependencies": {
        "@popperjs/core": "^2.11.8"
      }
    },
    "node_modules/bootstrap-icons": {
      "version": "1.11.3",
      "resolved": "https://pkgs.dev.azure.com/1RivetUSInc/_packaging/1RivetUSInc/npm/registry/bootstrap-icons/-/bootstrap-icons-1.11.3.tgz",
      "integrity": "sha1-A/nLdU7ABcUvnuYW4uhKgsqzCEs=",
      "funding": [
        {
          "type": "github",
          "url": "https://github.com/sponsors/twbs"
        },
        {
          "type": "opencollective",
          "url": "https://opencollective.com/bootstrap"
        }
      ],
      "license": "MIT"
    }
  }
}
